%{"calendar": {:hex, :calendar, "0.16.0", "cf2dec9fecbbef96e3e48d1bf8de1cd0db8bc4662feda71ea133436b017b3e9b", [:mix], [{:tzdata, "~> 0.5.8 or ~> 0.1.201603", [hex: :tzdata, optional: false]}]},
  "certifi": {:hex, :certifi, "0.4.0", "a7966efb868b179023618d29a407548f70c52466bf1849b9e8ebd0e34b7ea11f", [:rebar3], []},
  "connection": {:hex, :connection, "1.0.4", "a1cae72211f0eef17705aaededacac3eb30e6625b04a6117c1b2db6ace7d5976", [:mix], []},
  "cowboy": {:hex, :cowboy, "1.0.4", "a324a8df9f2316c833a470d918aaf73ae894278b8aa6226ce7a9bf699388f878", [:rebar, :make], [{:cowlib, "~> 1.0.0", [hex: :cowlib, optional: false]}, {:ranch, "~> 1.0", [hex: :ranch, optional: false]}]},
  "cowlib": {:hex, :cowlib, "1.0.2", "9d769a1d062c9c3ac753096f868ca121e2730b9a377de23dec0f7e08b1df84ee", [:make], []},
  "db_connection": {:hex, :db_connection, "1.0.0", "63c03e520d54886a66104d34e32397ba960db6e74b596ce221592c07d6a40d8d", [:mix], [{:connection, "~> 1.0.2", [hex: :connection, optional: false]}, {:poolboy, "~> 1.5", [hex: :poolboy, optional: true]}, {:sbroker, "~> 1.0", [hex: :sbroker, optional: true]}]},
  "decimal": {:hex, :decimal, "1.2.0", "462960fd71af282e570f7b477f6be56bf8968e68277d4d0b641a635269bf4b0d", [:mix], []},
  "earmark": {:hex, :earmark, "1.0.1", "2c2cd903bfdc3de3f189bd9a8d4569a075b88a8981ded9a0d95672f6e2b63141", [:mix], []},
  "ecto": {:hex, :ecto, "1.1.4", "a97d597de8f7299d72c14a9194bdf452ad3660f0c10a8e603b9a0d04b97ec326", [:mix], [{:decimal, "~> 1.0", [hex: :decimal, optional: false]}, {:mariaex, "~> 0.5 or ~> 0.6", [hex: :mariaex, optional: true]}, {:poison, "~> 1.0", [hex: :poison, optional: true]}, {:poolboy, "~> 1.4", [hex: :poolboy, optional: false]}, {:postgrex, "~> 0.11.0", [hex: :postgrex, optional: true]}, {:sbroker, "~> 0.7", [hex: :sbroker, optional: true]}]},
  "extwitter": {:hex, :extwitter, "0.7.1", "35c18c3947e7fd15dce977b8b366846b411d8ff4e53c95201b6d22f8af12cdef", [:mix], [{:poison, "~> 1.5", [hex: :poison, optional: false]}]},
  "fs": {:hex, :fs, "0.9.2", "ed17036c26c3f70ac49781ed9220a50c36775c6ca2cf8182d123b6566e49ec59", [:rebar], []},
  "gettext": {:hex, :gettext, "0.11.0", "80c1dd42d270482418fa158ec5ba073d2980e3718bacad86f3d4ad71d5667679", [:mix], []},
  "hackney": {:hex, :hackney, "1.6.0", "8d1e9440c9edf23bf5e5e2fe0c71de03eb265103b72901337394c840eec679ac", [:rebar3], [{:certifi, "0.4.0", [hex: :certifi, optional: false]}, {:idna, "1.2.0", [hex: :idna, optional: false]}, {:metrics, "1.0.1", [hex: :metrics, optional: false]}, {:mimerl, "1.0.2", [hex: :mimerl, optional: false]}, {:ssl_verify_fun, "1.1.0", [hex: :ssl_verify_fun, optional: false]}]},
  "html_sanitize_ex": {:hex, :html_sanitize_ex, "1.1.0-rc1", "db6ab27cae49ac5a0210d1a9565d8e0eb0587a83ff14c23e5740507b4a3aee9a", [:mix], [{:mochiweb, "~> 2.12.2", [hex: :mochiweb, optional: false]}]},
  "httpoison": {:hex, :httpoison, "0.9.0", "68187a2daddfabbe7ca8f7d75ef227f89f0e1507f7eecb67e4536b3c516faddb", [:mix], [{:hackney, "~> 1.6.0", [hex: :hackney, optional: false]}]},
  "idna": {:hex, :idna, "1.2.0", "ac62ee99da068f43c50dc69acf700e03a62a348360126260e87f2b54eced86b2", [:rebar3], []},
  "mariaex": {:hex, :mariaex, "0.7.8", "77bcc9e898a7f2231022ac0112f2832158d289fa3ef1e0020ceb61d00403134c", [:mix], [{:db_connection, "~> 1.0.0-rc", [hex: :db_connection, optional: false]}, {:decimal, "~> 1.0", [hex: :decimal, optional: false]}]},
  "metrics": {:hex, :metrics, "1.0.1", "25f094dea2cda98213cecc3aeff09e940299d950904393b2a29d191c346a8486", [:rebar3], []},
  "mime": {:hex, :mime, "1.0.1", "05c393850524767d13a53627df71beeebb016205eb43bfbd92d14d24ec7a1b51", [:mix], []},
  "mimerl": {:hex, :mimerl, "1.0.2", "993f9b0e084083405ed8252b99460c4f0563e41729ab42d9074fd5e52439be88", [:rebar3], []},
  "mochiweb": {:hex, :mochiweb, "2.12.2", "80804ad342afa3d7f3524040d4eed66ce74b17a555de454ac85b07c479928e46", [:make, :rebar], []},
  "oauth": {:git, "https://github.com/tim/erlang-oauth.git", "fca8163e8f7af867015e2413c4b03a4f8f4df0c9", []},
  "oauth2": {:hex, :oauth2, "0.3.0", "fc65c6b5f68246bd582dd79619f9b8e10d36648ecd7bbce9b964b82812cc6df4", [:mix], [{:hackney, "~> 1.0", [hex: :hackney, optional: false]}, {:httpoison, "~> 0.6", [hex: :httpoison, optional: false]}, {:plug, "~> 1.0", [hex: :plug, optional: false]}, {:poison, "~> 1.3", [hex: :poison, optional: false]}]},
  "phoenix": {:hex, :phoenix, "1.2.0", "1bdeb99c254f4c534cdf98fd201dede682297ccc62fcac5d57a2627c3b6681fb", [:mix], [{:cowboy, "~> 1.0", [hex: :cowboy, optional: true]}, {:phoenix_pubsub, "~> 1.0", [hex: :phoenix_pubsub, optional: false]}, {:plug, "~> 1.1", [hex: :plug, optional: false]}, {:poison, "~> 1.5 or ~> 2.0", [hex: :poison, optional: false]}]},
  "phoenix_ecto": {:hex, :phoenix_ecto, "2.0.3", "237fdaeeb0d6b5a2970a57e413f6f88e563e6539303d1da1852c4e4dfae6d294", [:mix], [{:ecto, "~> 1.1.2", [hex: :ecto, optional: false]}, {:phoenix_html, "~> 2.2.0 or ~> 2.3.0 or ~> 2.4.0 or ~> 2.5.0 or ~> 2.6.0", [hex: :phoenix_html, optional: true]}, {:poison, "~> 1.3 or ~> 2.0", [hex: :poison, optional: true]}]},
  "phoenix_html": {:hex, :phoenix_html, "2.6.2", "944a5e581b0d899e4f4c838a69503ebd05300fe35ba228a74439e6253e10e0c0", [:mix], [{:plug, "~> 1.0", [hex: :plug, optional: false]}]},
  "phoenix_html_sanitizer": {:hex, :phoenix_html_sanitizer, "1.1.0-rc1", "416bad8ee4b37bf6cfb74dbb382682d714cf69ba1b0505f29a5f320b99f30a92", [:mix], [{:html_sanitize_ex, "~> 1.1.0-rc1", [hex: :html_sanitize_ex, optional: false]}, {:phoenix_html, "~> 2.0", [hex: :phoenix_html, optional: false]}]},
  "phoenix_live_reload": {:hex, :phoenix_live_reload, "1.0.5", "829218c4152ba1e9848e2bf8e161fcde6b4ec679a516259442561d21fde68d0b", [:mix], [{:fs, "~> 0.9.1", [hex: :fs, optional: false]}, {:phoenix, "~> 1.0 or ~> 1.2-rc", [hex: :phoenix, optional: false]}]},
  "phoenix_pubsub": {:hex, :phoenix_pubsub, "1.0.0", "c31af4be22afeeebfaf246592778c8c840e5a1ddc7ca87610c41ccfb160c2c57", [:mix], []},
  "plug": {:hex, :plug, "1.2.2", "cfbda521b54c92ab8ddffb173fbaabed8d8fc94bec07cd9bb58a84c1c501b0bd", [:mix], [{:cowboy, "~> 1.0", [hex: :cowboy, optional: true]}, {:mime, "~> 1.0", [hex: :mime, optional: false]}]},
  "poison": {:hex, :poison, "1.5.2", "560bdfb7449e3ddd23a096929fb9fc2122f709bcc758b2d5d5a5c7d0ea848910", [:mix], []},
  "poolboy": {:hex, :poolboy, "1.5.1", "6b46163901cfd0a1b43d692657ed9d7e599853b3b21b95ae5ae0a777cf9b6ca8", [:rebar], []},
  "ranch": {:hex, :ranch, "1.2.1", "a6fb992c10f2187b46ffd17ce398ddf8a54f691b81768f9ef5f461ea7e28c762", [:make], []},
  "scrivener": {:hex, :scrivener, "1.2.1", "4d50f21b5c43cc88d072762584f6e49e206901d7d36007928f156f2e974eec4a", [:mix], [{:ecto, "~> 1.1", [hex: :ecto, optional: false]}, {:postgrex, ">= 0.0.0", [hex: :postgrex, optional: true]}]},
  "ssl_verify_fun": {:hex, :ssl_verify_fun, "1.1.0", "edee20847c42e379bf91261db474ffbe373f8acb56e9079acb6038d4e0bf414f", [:rebar, :make], []},
  "tzdata": {:hex, :tzdata, "0.5.8", "a4ffe564783c6519e4df230a5d0e1cf44b7db7f576bcae76d05540b5da5b6143", [:mix], [{:hackney, "~> 1.0", [hex: :hackney, optional: false]}]}}
