%{"certifi": {:hex, :certifi, "0.3.0"},
  "combine": {:hex, :combine, "0.6.0"},
  "connection": {:hex, :connection, "1.0.2"},
  "cowboy": {:hex, :cowboy, "1.0.4"},
  "cowlib": {:hex, :cowlib, "1.0.2"},
  "decimal": {:hex, :decimal, "1.1.0"},
  "earmark": {:hex, :earmark, "0.1.19"},
  "ecto": {:hex, :ecto, "1.1.0"},
  "extwitter": {:git, "https://github.com/rrrene/extwitter.git", "71f6f2819fcaf8220dfe42f0f4968909151186d8", []},
  "fs": {:hex, :fs, "0.9.2"},
  "gettext": {:hex, :gettext, "0.9.0"},
  "hackney": {:hex, :hackney, "1.4.7"},
  "html_sanitize_ex": {:hex, :html_sanitize_ex, "0.3.0"},
  "httpoison": {:hex, :httpoison, "0.8.0"},
  "idna": {:hex, :idna, "1.0.2"},
  "mariaex": {:hex, :mariaex, "0.6.1"},
  "mimerl": {:hex, :mimerl, "1.0.2"},
  "mochiweb": {:hex, :mochiweb, "2.12.2"},
  "oauth": {:git, "https://github.com/tim/erlang-oauth.git", "cd31addc828179983564fd57738f1680a4a4d1ff", []},
  "oauth2": {:hex, :oauth2, "0.3.0"},
  "phoenix": {:hex, :phoenix, "1.1.0"},
  "phoenix_ecto": {:hex, :phoenix_ecto, "2.0.0"},
  "phoenix_html": {:hex, :phoenix_html, "2.3.0"},
  "phoenix_html_sanitizer": {:hex, :phoenix_html_sanitizer, "0.2.0"},
  "phoenix_live_reload": {:hex, :phoenix_live_reload, "1.0.1"},
  "plug": {:hex, :plug, "1.0.3"},
  "poison": {:hex, :poison, "1.5.0"},
  "poolboy": {:hex, :poolboy, "1.5.1"},
  "ranch": {:hex, :ranch, "1.2.0"},
  "scrivener": {:hex, :scrivener, "1.1.1"},
  "ssl_verify_hostname": {:hex, :ssl_verify_hostname, "1.0.5"},
  "timex": {:git, "https://github.com/rrrene/timex.git", "9366f669e5f6565b883dcbb36bdd7c34c4098efc", []},
  "timex_ecto": {:git, "https://github.com/rrrene/timex_ecto.git", "c1b108fd23d3fc8832eefd744d86f15f303d1e0b", []},
  "tzdata": {:hex, :tzdata, "0.5.5"}}
